github.com/LYT0628/CyberLoafing v1.0.3 h1:q2Gfxe2xDuVFfROaVqOsZjwP0RsRcQICsw18bKkQU+k=
github.com/LYT0628/CyberLoafing v1.0.3/go.mod h1:RXzIWFXeFDghYpOaONNqCFu2zq6yOGRI5EMgj9ZK5as=
github.com/LYT0628/hugoftp v0.0.0-20231225083846-19f73d7da99d h1:c4cc/V9jeNocF5k+Bap9NE+Rvr+nwaw2tgYIHHU8Qcw=
github.com/LYT0628/hugoftp v0.0.0-20231225083846-19f73d7da99d/go.mod h1:eY8RQ2OznlAYt3nLYcnl+dDKIiyghbuq1qNojlNpKAY=
github.com/LYT0628/hugoftp v0.0.0-20231225170502-3419c0504508 h1:OxDrx0Gy+OXuJBECsfL1zzmHV3b9HvoojJaP/+cbCQc=
github.com/LYT0628/hugoftp v0.0.0-20231225170502-3419c0504508/go.mod h1:eY8RQ2OznlAYt3nLYcnl+dDKIiyghbuq1qNojlNpKAY=
github.com/LYT0628/hugoftp v0.0.0-20231225171908-9021811547ba h1:VfrOi2SwjPGU54Jm+0puI3nS4820gxSDLgRRRYPiFNk=
github.com/LYT0628/hugoftp v0.0.0-20231225171908-9021811547ba/go.mod h1:eY8RQ2OznlAYt3nLYcnl+dDKIiyghbuq1qNojlNpKAY=
github.com/LYT0628/hugoftp v0.0.0-20231225172117-f07918e6e2fe h1:gINayWxLkYNNylx8xFvC+OSAjzX4/4yEdA1YXWA3kns=
github.com/LYT0628/hugoftp v0.0.0-20231225172117-f07918e6e2fe/go.mod h1:eY8RQ2OznlAYt3nLYcnl+dDKIiyghbuq1qNojlNpKAY=
github.com/LYT0628/hugolib v0.0.0-20231219132848-328729f1a55b h1:kY4rd5cmVbtxGogqXZMvMkOPz9kxGe8Saz5Ke8/KueY=
github.com/LYT0628/hugolib v0.0.0-20231219132848-328729f1a55b/go.mod h1:Srxqzfi/MPjtlolVtiuqWD+Wx5tLRlp2rKnTDoSaoH8=
github.com/LYT0628/hugolib v0.0.0-20231219133846-b56402c82b4b h1:XzCD8VzckmCxfeArocVM7QN3MXEj1OT+ajqxTIbsXBY=
github.com/LYT0628/hugolib v0.0.0-20231219133846-b56402c82b4b/go.mod h1:Srxqzfi/MPjtlolVtiuqWD+Wx5tLRlp2rKnTDoSaoH8=
github.com/LYT0628/hugolib v0.0.0-20231219135715-f4f5260b0555 h1:Pc45uuhHxQ+pVmQL1Heqfix4lTmcnkY9yxW+6VZJeuE=
github.com/LYT0628/hugolib v0.0.0-20231219135715-f4f5260b0555/go.mod h1:Srxqzfi/MPjtlolVtiuqWD+Wx5tLRlp2rKnTDoSaoH8=
github.com/LYT0628/hugolib v0.0.0-20231219151850-be857422a3ac h1:UnWFM1jakPt3FM4Q7ainb7ni01hCWgH+tkP/UcmIC8c=
github.com/LYT0628/hugolib v0.0.0-20231219151850-be857422a3ac/go.mod h1:Srxqzfi/MPjtlolVtiuqWD+Wx5tLRlp2rKnTDoSaoH8=
github.com/LYT0628/hugolib v0.0.0-20231219152338-e8b0da725c33 h1:0CfPCOloSb1c9hH5gBtbWfEbke4TLL3D375Kb/nd9BQ=
github.com/LYT0628/hugolib v0.0.0-20231219152338-e8b0da725c33/go.mod h1:Srxqzfi/MPjtlolVtiuqWD+Wx5tLRlp2rKnTDoSaoH8=
github.com/LYT0628/hugolib v0.0.0-20231219160056-35c0949c2f65 h1:UitPZwsytGQUWV1EmKwpyNjTfmkJ767AQPydox1Vagg=
github.com/LYT0628/hugolib v0.0.0-20231219160056-35c0949c2f65/go.mod h1:Srxqzfi/MPjtlolVtiuqWD+Wx5tLRlp2rKnTDoSaoH8=
github.com/LYT0628/hugolib v0.0.0-20231219160639-1667614f3a22 h1:GErHiU26v4R2xxogT1H100Ip5bgcWc4N0X2JkfjewKU=
github.com/LYT0628/hugolib v0.0.0-20231219160639-1667614f3a22/go.mod h1:Srxqzfi/MPjtlolVtiuqWD+Wx5tLRlp2rKnTDoSaoH8=
